
Microsoft Visual Studio Solution File, Format Version 12.00
# Visual Studio Version 16
VisualStudioVersion = 16.0.32126.315
MinimumVisualStudioVersion = 10.0.40219.1
Project("{FAE04EC0-301F-11D3-BF4B-00C04F79EFBC}") = "E-book Verleih", "E-book Verleih\E-book Verleih.csproj", "{F2A09767-B3D4-43D3-8DEB-09A350D42B91}"
EndProject
Global
	GlobalSection(SolutionConfigurationPlatforms) = preSolution
		Debug|Any CPU = Debug|Any CPU
		Release|Any CPU = Release|Any CPU
	EndGlobalSection
	GlobalSection(ProjectConfigurationPlatforms) = postSolution
		{F2A09767-B3D4-43D3-8DEB-09A350D42B91}.Debug|Any CPU.ActiveCfg = Debug|Any CPU
		{F2A09767-B3D4-43D3-8DEB-09A350D42B91}.Debug|Any CPU.Build.0 = Debug|Any CPU
		{F2A09767-B3D4-43D3-8DEB-09A350D42B91}.Release|Any CPU.ActiveCfg = Release|Any CPU
		{F2A09767-B3D4-43D3-8DEB-09A350D42B91}.Release|Any CPU.Build.0 = Release|Any CPU
	EndGlobalSection
	GlobalSection(SolutionProperties) = preSolution
		HideSolutionNode = FALSE
	EndGlobalSection
	GlobalSection(ExtensibilityGlobals) = postSolution
		SolutionGuid = {C9C23881-5669-46B2-901E-12C9514BDE6E}
	EndGlobalSection
EndGlobal
